
Microsoft Visual Studio Solution File, Format Version 12.00
# Visual Studio 14
VisualStudioVersion = 14.0.23107.0
MinimumVisualStudioVersion = 10.0.40219.1
Project("{FAE04EC0-301F-11D3-BF4B-00C04F79EFBC}") = "Battleships.Console", "Battleships.Console\Battleships.csproj", "{D69071C1-0A72-468D-8EAE-C084DC2D26CD}"
EndProject
Project("{FAE04EC0-301F-11D3-BF4B-00C04F79EFBC}") = "Battleships.Model", "Battleships.Model\Battleships.Model.csproj", "{56B7C1A8-553F-421D-A82A-42812CF4D6F5}"
EndProject
Project("{FAE04EC0-301F-11D3-BF4B-00C04F79EFBC}") = "Battleships.Logic", "Battleships.Logic\Battleships.Logic.csproj", "{3B7D12BF-BFA5-4DD4-B9B9-B127E4CFE22A}"
EndProject
Global
	GlobalSection(SolutionConfigurationPlatforms) = preSolution
		Debug|Any CPU = Debug|Any CPU
		Release|Any CPU = Release|Any CPU
	EndGlobalSection
	GlobalSection(ProjectConfigurationPlatforms) = postSolution
		{D69071C1-0A72-468D-8EAE-C084DC2D26CD}.Debug|Any CPU.ActiveCfg = Debug|Any CPU
		{D69071C1-0A72-468D-8EAE-C084DC2D26CD}.Debug|Any CPU.Build.0 = Debug|Any CPU
		{D69071C1-0A72-468D-8EAE-C084DC2D26CD}.Release|Any CPU.ActiveCfg = Release|Any CPU
		{D69071C1-0A72-468D-8EAE-C084DC2D26CD}.Release|Any CPU.Build.0 = Release|Any CPU
		{56B7C1A8-553F-421D-A82A-42812CF4D6F5}.Debug|Any CPU.ActiveCfg = Debug|Any CPU
		{56B7C1A8-553F-421D-A82A-42812CF4D6F5}.Debug|Any CPU.Build.0 = Debug|Any CPU
		{56B7C1A8-553F-421D-A82A-42812CF4D6F5}.Release|Any CPU.ActiveCfg = Release|Any CPU
		{56B7C1A8-553F-421D-A82A-42812CF4D6F5}.Release|Any CPU.Build.0 = Release|Any CPU
		{3B7D12BF-BFA5-4DD4-B9B9-B127E4CFE22A}.Debug|Any CPU.ActiveCfg = Debug|Any CPU
		{3B7D12BF-BFA5-4DD4-B9B9-B127E4CFE22A}.Debug|Any CPU.Build.0 = Debug|Any CPU
		{3B7D12BF-BFA5-4DD4-B9B9-B127E4CFE22A}.Release|Any CPU.ActiveCfg = Release|Any CPU
		{3B7D12BF-BFA5-4DD4-B9B9-B127E4CFE22A}.Release|Any CPU.Build.0 = Release|Any CPU
	EndGlobalSection
	GlobalSection(SolutionProperties) = preSolution
		HideSolutionNode = FALSE
	EndGlobalSection
EndGlobal
